
Microsoft Visual Studio Solution File, Format Version 12.00
# Visual Studio Version 16
VisualStudioVersion = 16.0.29409.12
MinimumVisualStudioVersion = 10.0.40219.1
Project("{2150E333-8FDC-42A3-9474-1A3956D46DE8}") = "Core", "Core", "{61FD2243-8F41-4CBB-9299-70632A27D7F7}"
EndProject
Project("{2150E333-8FDC-42A3-9474-1A3956D46DE8}") = "Portals", "Portals", "{78F5B36D-EADC-4793-BF03-C49AA625549F}"
EndProject
Project("{2150E333-8FDC-42A3-9474-1A3956D46DE8}") = "Services", "Services", "{472EDF46-09E5-4AE9-9A92-BE54344CE969}"
EndProject
Project("{9A19103F-16F7-4668-BE54-9A1E7A4F7556}") = "CT.KeyVault", "Core\CT.KeyVault\CT.KeyVault.csproj", "{A6B71748-7718-4FF3-BB7A-C1A22D35DA03}"
EndProject
Project("{9A19103F-16F7-4668-BE54-9A1E7A4F7556}") = "CT.Storage", "Core\CT.Storage\CT.Storage.csproj", "{0FEC6E13-5D04-4B2B-AA69-9CF0E7F4A837}"
EndProject
Project("{2150E333-8FDC-42A3-9474-1A3956D46DE8}") = "Tests", "Tests", "{D6A7736D-BECA-4468-AC05-BF4F7C01FBB9}"
EndProject
Project("{9A19103F-16F7-4668-BE54-9A1E7A4F7556}") = "Api.Admin", "Portals\Admin\Api.Admin\Api.Admin.csproj", "{970BCF6A-9DCB-4F10-B341-CC7877FD44BC}"
EndProject
Project("{2150E333-8FDC-42A3-9474-1A3956D46DE8}") = "Admin", "Admin", "{598A13E2-47CF-41CE-ABE3-0E5F2B726FD5}"
EndProject
Project("{9A19103F-16F7-4668-BE54-9A1E7A4F7556}") = "Api.Admin.Core", "Portals\Admin\Api.Admin.Core\Api.Admin.Core.csproj", "{F8450616-2A46-4F30-8747-D49274120B67}"
EndProject
Project("{2150E333-8FDC-42A3-9474-1A3956D46DE8}") = "Data", "Data", "{A8BD1C74-DD32-461A-A5A0-7749DA88DD3A}"
EndProject
Project("{9A19103F-16F7-4668-BE54-9A1E7A4F7556}") = "TQ.Data.FormEngine", "Data\TQ.Data.FormEngine\TQ.Data.FormEngine.csproj", "{5B292A7C-B06D-4B8C-92F4-31F850E0349C}"
EndProject
Project("{2150E333-8FDC-42A3-9474-1A3956D46DE8}") = "FormEngine", "FormEngine", "{7C5623FA-7B2E-49EB-B900-BB9A7328FD48}"
EndProject
Project("{9A19103F-16F7-4668-BE54-9A1E7A4F7556}") = "Api.FormEngine", "Services\FormEngine\Api.FormEngine\Api.FormEngine.csproj", "{0EF96792-D054-4048-887B-9238953D4461}"
EndProject
Project("{9A19103F-16F7-4668-BE54-9A1E7A4F7556}") = "Api.FormEngine.Core", "Services\FormEngine\Api.FormEngine.Core\Api.FormEngine.Core.csproj", "{9C25C4E8-F3EE-4069-B204-AD3C6D9CDEAB}"
EndProject
Project("{9A19103F-16F7-4668-BE54-9A1E7A4F7556}") = "IntegrationTest.Helpers", "Tests\IntegrationTests\IntegrationTest.Helpers\IntegrationTest.Helpers.csproj", "{B3A2276B-3DD8-482A-9520-6938E659986E}"
EndProject
Project("{9A19103F-16F7-4668-BE54-9A1E7A4F7556}") = "TQ.Data.PlanningPortal", "Data\TQ.Data.PlanningPortal\TQ.Data.PlanningPortal.csproj", "{6C74516A-0277-4D81-94A4-CF4EC943D63C}"
EndProject
Project("{2150E333-8FDC-42A3-9474-1A3956D46DE8}") = "PP2", "PP2", "{216EDA2A-8A84-4E7B-95C0-8EE98E3BB18B}"
EndProject
Project("{9A19103F-16F7-4668-BE54-9A1E7A4F7556}") = "Api.PP2", "Services\PP2\Api.PP2\Api.PP2.csproj", "{CF61D84B-589E-4FF1-B833-99111A2D94D9}"
EndProject
Project("{9A19103F-16F7-4668-BE54-9A1E7A4F7556}") = "Api.PP2.Core", "Services\PP2\Api.PP2.Core\Api.PP2.Core.csproj", "{DC2CE3AC-AAEC-43F8-960A-F00BD6F176D5}"
EndProject
Project("{9A19103F-16F7-4668-BE54-9A1E7A4F7556}") = "CT.Utils", "Core\CT.Utils\CT.Utils.csproj", "{999F3C65-E596-474B-839D-31522F62BD16}"
EndProject
Project("{2150E333-8FDC-42A3-9474-1A3956D46DE8}") = "Planner", "Planner", "{A5ECCCE7-EE6D-42D9-A8CF-BD299F91B7B3}"
EndProject
Project("{9A19103F-16F7-4668-BE54-9A1E7A4F7556}") = "Api.Planner", "Portals\Planner\Api.Planner\Api.Planner.csproj", "{1B344629-7BE1-41F3-BAD0-7E0C778B509F}"
EndProject
Project("{9A19103F-16F7-4668-BE54-9A1E7A4F7556}") = "Api.Planner.Core", "Portals\Planner\Api.Planner.Core\Api.Planner.Core.csproj", "{BB644348-8EE0-4E8E-9A8C-5E9960D1F72E}"
EndProject
Project("{2150E333-8FDC-42A3-9474-1A3956D46DE8}") = "Globals", "Globals", "{A8CE24B2-D1EA-4957-B498-DB00820A513F}"
EndProject
Project("{9A19103F-16F7-4668-BE54-9A1E7A4F7556}") = "Api.Globals", "Services\Globals\Api.Globals\Api.Globals.csproj", "{5C61AC6F-1F35-4B60-A177-D40D02CA2CC6}"
EndProject
Project("{9A19103F-16F7-4668-BE54-9A1E7A4F7556}") = "Api.Globals.Core", "Services\Globals\Api.Globals.Core\Api.Globals.Core.csproj", "{E3A8A6E6-3842-4161-9FB3-324C54291F5C}"
EndProject
Project("{2150E333-8FDC-42A3-9474-1A3956D46DE8}") = "UnitTests", "UnitTests", "{64359B1A-9FD7-4FDC-98CD-899E5618C2BC}"
EndProject
Project("{2150E333-8FDC-42A3-9474-1A3956D46DE8}") = "IntegrationTests", "IntegrationTests", "{2514F16E-A102-424E-ADF5-0AAC41CB10C2}"
EndProject
Project("{2150E333-8FDC-42A3-9474-1A3956D46DE8}") = "UnitTest.Core", "UnitTest.Core", "{103FF2C1-4834-49B5-986C-559E7A0A1FB1}"
EndProject
Project("{9A19103F-16F7-4668-BE54-9A1E7A4F7556}") = "UnitTest.CT.KeyVault", "Tests\UnitTests\UnitTest.Core\UnitTest.CT.KeyVault\UnitTest.CT.KeyVault.csproj", "{4228E1CE-ED15-4C1E-A09F-AB86AFBB2470}"
EndProject
Project("{2150E333-8FDC-42A3-9474-1A3956D46DE8}") = "IntegrationTest.Core", "IntegrationTest.Core", "{60D3817D-91C9-4997-ADA9-A2944FA2553F}"
EndProject
Project("{9A19103F-16F7-4668-BE54-9A1E7A4F7556}") = "IntegrationTest.CT.Storage", "Tests\IntegrationTests\IntegrationTest.Core\IntegrationTest.CT.Storage\IntegrationTest.CT.Storage.csproj", "{28CB52AF-492E-48A4-89F1-A6E3594F7030}"
EndProject
Project("{9A19103F-16F7-4668-BE54-9A1E7A4F7556}") = "UnitTest.CT.Utils", "Tests\UnitTests\UnitTest.Core\UnitTest.CT.Utils\UnitTest.CT.Utils.csproj", "{36B2A1AE-1A05-46DD-AFCA-B7C485B7AC50}"
EndProject
Project("{2150E333-8FDC-42A3-9474-1A3956D46DE8}") = "IntegrationTest.Portals", "IntegrationTest.Portals", "{50B08BAD-8850-476D-8E6A-D3A69DF63AC9}"
EndProject
Project("{2150E333-8FDC-42A3-9474-1A3956D46DE8}") = "IntegrationTest.Services", "IntegrationTest.Services", "{B8CA1DDA-A026-469F-95B9-8FA2D68C6EDA}"
EndProject
Project("{9A19103F-16F7-4668-BE54-9A1E7A4F7556}") = "IntegrationTest.API.Admin.Core", "Tests\IntegrationTests\IntegrationTest.Portals\IntegrationTest.API.Admin.Core\IntegrationTest.API.Admin.Core.csproj", "{0201358B-7F32-4248-AC76-CCADFDBDA30A}"
EndProject
Project("{9A19103F-16F7-4668-BE54-9A1E7A4F7556}") = "IntegrationTest.Api.FormEngine.Core", "Tests\IntegrationTests\IntegrationTest.Services\IntegrationTest.Api.FormEngine.Core\IntegrationTest.Api.FormEngine.Core.csproj", "{C876F6F9-2DFE-4A8A-8401-E3EFAF17C6AA}"
EndProject
Project("{9A19103F-16F7-4668-BE54-9A1E7A4F7556}") = "IntegrationTest.Api.Globals.Core", "Tests\IntegrationTests\IntegrationTest.Services\IntegrationTest.Api.Globals.Core\IntegrationTest.Api.Globals.Core.csproj", "{7E250E25-E35F-4718-A272-ED710B8AC984}"
EndProject
Project("{9A19103F-16F7-4668-BE54-9A1E7A4F7556}") = "IntegrationTest.Api.PP2.Core", "Tests\IntegrationTests\IntegrationTest.Services\IntegrationTest.Api.PP2.Core\IntegrationTest.Api.PP2.Core.csproj", "{224EDCD2-0405-4ED4-9D9C-6D1FF4CE50A7}"
EndProject
Project("{9A19103F-16F7-4668-BE54-9A1E7A4F7556}") = "UnitTest.Helpers", "Tests\UnitTests\UnitTest.Helpers\UnitTest.Helpers.csproj", "{7E4E0465-118C-49D7-9319-98C03EF0EE5A}"
EndProject
Project("{2150E333-8FDC-42A3-9474-1A3956D46DE8}") = "UnitTest.Portals", "UnitTest.Portals", "{3667D4A0-8FF3-4129-BADA-14BA37206F9E}"
EndProject
Project("{9A19103F-16F7-4668-BE54-9A1E7A4F7556}") = "UnitTest.Api.Planner.Core", "Tests\UnitTests\UnitTest.Portals\UnitTest.Api.Planner.Core\UnitTest.Api.Planner.Core.csproj", "{B8051439-7F69-4D77-BF61-A68D88E05FFF}"
EndProject
Project("{2150E333-8FDC-42A3-9474-1A3956D46DE8}") = "UnitTest.Services", "UnitTest.Services", "{D1FD355B-500F-4CFA-A343-4413C08083EA}"
EndProject
Project("{9A19103F-16F7-4668-BE54-9A1E7A4F7556}") = "UnitTest.Api.Globals.Core", "Tests\UnitTests\UnitTest.Services\UnitTest.Api.Globals.Core\UnitTest.Api.Globals.Core.csproj", "{7511644D-C66B-4B16-BFAA-19F6A6B9455D}"
EndProject
Project("{9A19103F-16F7-4668-BE54-9A1E7A4F7556}") = "TQ.Core", "Core\TQ.Core\TQ.Core.csproj", "{42432D92-EA3B-44D4-A68C-C5B458B11F42}"
EndProject
Project("{2150E333-8FDC-42A3-9474-1A3956D46DE8}") = "FeeCalculator", "FeeCalculator", "{B2E2C377-BE04-4566-B85F-258CC2E4AAF7}"
EndProject
Project("{9A19103F-16F7-4668-BE54-9A1E7A4F7556}") = "Api.FeeCalculator", "Services\FeeCalculator\Api.FeeCalculator\Api.FeeCalculator.csproj", "{A48A95E7-3F3F-4F98-AC77-DAEE1923CE31}"
EndProject
Project("{9A19103F-16F7-4668-BE54-9A1E7A4F7556}") = "Api.FeeCalculator.Core", "Services\FeeCalculator\Api.FeeCalculator.Core\Api.FeeCalculator.Core.csproj", "{CD692EA0-7CCB-40BA-9452-0E69836E845E}"
EndProject
Project("{9A19103F-16F7-4668-BE54-9A1E7A4F7556}") = "UnitTest.CT.Storage", "Tests\UnitTests\UnitTest.Core\UnitTest.CT.Storage\UnitTest.CT.Storage.csproj", "{799BC28B-849A-4618-B69D-23A37F1EC6CF}"
EndProject
Project("{9A19103F-16F7-4668-BE54-9A1E7A4F7556}") = "UnitTest.Api.Admin.Core", "Tests\UnitTests\UnitTest.Portals\UnitTest.Api.Admin.Core\UnitTest.Api.Admin.Core.csproj", "{82B1A7BB-5DCB-4FA8-8D9D-BAAB43FF6190}"
EndProject
Project("{9A19103F-16F7-4668-BE54-9A1E7A4F7556}") = "UnitTest.TQ.Core", "Tests\UnitTests\UnitTest.Core\UnitTest.TQ.Core\UnitTest.TQ.Core.csproj", "{24132073-0B2D-4E9F-81DF-707460ADC2C7}"
EndProject
Project("{9A19103F-16F7-4668-BE54-9A1E7A4F7556}") = "UnitTest.Api.Core.PP2.Core", "Tests\UnitTests\UnitTest.Services\UnitTest.Api.Core.PP2.Core\UnitTest.Api.Core.PP2.Core.csproj", "{5A6E277D-277A-4468-8C6A-5447B09FEE66}"
EndProject
Project("{9A19103F-16F7-4668-BE54-9A1E7A4F7556}") = "UnitTest.Api.FormEngine.Core", "Tests\UnitTests\UnitTest.Services\UnitTest.Api.FormEngine.Core\UnitTest.Api.FormEngine.Core.csproj", "{1686B6C0-52AD-40F6-9F49-70D41AE087A2}"
EndProject
Project("{9A19103F-16F7-4668-BE54-9A1E7A4F7556}") = "TQ.Data.FeeCalculator", "Data\TQ.Data.FeeCalculator\TQ.Data.FeeCalculator.csproj", "{07213FB1-61A1-47E5-90AA-26DFDA7A2089}"
EndProject
Project("{9A19103F-16F7-4668-BE54-9A1E7A4F7556}") = "UnitTest.Api.FeeCalculator.Core", "Tests\UnitTests\UnitTest.Services\UnitTest.Api.FeeCalculator.Core\UnitTest.Api.FeeCalculator.Core.csproj", "{D2AB2553-ED13-4240-ABAC-E6560FD363ED}"
EndProject
Global
	GlobalSection(SolutionConfigurationPlatforms) = preSolution
		Debug|Any CPU = Debug|Any CPU
		Release|Any CPU = Release|Any CPU
	EndGlobalSection
	GlobalSection(ProjectConfigurationPlatforms) = postSolution
		{A6B71748-7718-4FF3-BB7A-C1A22D35DA03}.Debug|Any CPU.ActiveCfg = Debug|Any CPU
		{A6B71748-7718-4FF3-BB7A-C1A22D35DA03}.Debug|Any CPU.Build.0 = Debug|Any CPU
		{A6B71748-7718-4FF3-BB7A-C1A22D35DA03}.Release|Any CPU.ActiveCfg = Release|Any CPU
		{A6B71748-7718-4FF3-BB7A-C1A22D35DA03}.Release|Any CPU.Build.0 = Release|Any CPU
		{0FEC6E13-5D04-4B2B-AA69-9CF0E7F4A837}.Debug|Any CPU.ActiveCfg = Debug|Any CPU
		{0FEC6E13-5D04-4B2B-AA69-9CF0E7F4A837}.Debug|Any CPU.Build.0 = Debug|Any CPU
		{0FEC6E13-5D04-4B2B-AA69-9CF0E7F4A837}.Release|Any CPU.ActiveCfg = Release|Any CPU
		{0FEC6E13-5D04-4B2B-AA69-9CF0E7F4A837}.Release|Any CPU.Build.0 = Release|Any CPU
		{970BCF6A-9DCB-4F10-B341-CC7877FD44BC}.Debug|Any CPU.ActiveCfg = Debug|Any CPU
		{970BCF6A-9DCB-4F10-B341-CC7877FD44BC}.Debug|Any CPU.Build.0 = Debug|Any CPU
		{970BCF6A-9DCB-4F10-B341-CC7877FD44BC}.Release|Any CPU.ActiveCfg = Release|Any CPU
		{970BCF6A-9DCB-4F10-B341-CC7877FD44BC}.Release|Any CPU.Build.0 = Release|Any CPU
		{F8450616-2A46-4F30-8747-D49274120B67}.Debug|Any CPU.ActiveCfg = Debug|Any CPU
		{F8450616-2A46-4F30-8747-D49274120B67}.Debug|Any CPU.Build.0 = Debug|Any CPU
		{F8450616-2A46-4F30-8747-D49274120B67}.Release|Any CPU.ActiveCfg = Release|Any CPU
		{F8450616-2A46-4F30-8747-D49274120B67}.Release|Any CPU.Build.0 = Release|Any CPU
		{5B292A7C-B06D-4B8C-92F4-31F850E0349C}.Debug|Any CPU.ActiveCfg = Debug|Any CPU
		{5B292A7C-B06D-4B8C-92F4-31F850E0349C}.Debug|Any CPU.Build.0 = Debug|Any CPU
		{5B292A7C-B06D-4B8C-92F4-31F850E0349C}.Release|Any CPU.ActiveCfg = Release|Any CPU
		{5B292A7C-B06D-4B8C-92F4-31F850E0349C}.Release|Any CPU.Build.0 = Release|Any CPU
		{0EF96792-D054-4048-887B-9238953D4461}.Debug|Any CPU.ActiveCfg = Debug|Any CPU
		{0EF96792-D054-4048-887B-9238953D4461}.Debug|Any CPU.Build.0 = Debug|Any CPU
		{0EF96792-D054-4048-887B-9238953D4461}.Release|Any CPU.ActiveCfg = Release|Any CPU
		{0EF96792-D054-4048-887B-9238953D4461}.Release|Any CPU.Build.0 = Release|Any CPU
		{9C25C4E8-F3EE-4069-B204-AD3C6D9CDEAB}.Debug|Any CPU.ActiveCfg = Debug|Any CPU
		{9C25C4E8-F3EE-4069-B204-AD3C6D9CDEAB}.Debug|Any CPU.Build.0 = Debug|Any CPU
		{9C25C4E8-F3EE-4069-B204-AD3C6D9CDEAB}.Release|Any CPU.ActiveCfg = Release|Any CPU
		{9C25C4E8-F3EE-4069-B204-AD3C6D9CDEAB}.Release|Any CPU.Build.0 = Release|Any CPU
		{B3A2276B-3DD8-482A-9520-6938E659986E}.Debug|Any CPU.ActiveCfg = Debug|Any CPU
		{B3A2276B-3DD8-482A-9520-6938E659986E}.Debug|Any CPU.Build.0 = Debug|Any CPU
		{B3A2276B-3DD8-482A-9520-6938E659986E}.Release|Any CPU.ActiveCfg = Release|Any CPU
		{B3A2276B-3DD8-482A-9520-6938E659986E}.Release|Any CPU.Build.0 = Release|Any CPU
		{6C74516A-0277-4D81-94A4-CF4EC943D63C}.Debug|Any CPU.ActiveCfg = Debug|Any CPU
		{6C74516A-0277-4D81-94A4-CF4EC943D63C}.Debug|Any CPU.Build.0 = Debug|Any CPU
		{6C74516A-0277-4D81-94A4-CF4EC943D63C}.Release|Any CPU.ActiveCfg = Release|Any CPU
		{6C74516A-0277-4D81-94A4-CF4EC943D63C}.Release|Any CPU.Build.0 = Release|Any CPU
		{CF61D84B-589E-4FF1-B833-99111A2D94D9}.Debug|Any CPU.ActiveCfg = Debug|Any CPU
		{CF61D84B-589E-4FF1-B833-99111A2D94D9}.Debug|Any CPU.Build.0 = Debug|Any CPU
		{CF61D84B-589E-4FF1-B833-99111A2D94D9}.Release|Any CPU.ActiveCfg = Release|Any CPU
		{CF61D84B-589E-4FF1-B833-99111A2D94D9}.Release|Any CPU.Build.0 = Release|Any CPU
		{DC2CE3AC-AAEC-43F8-960A-F00BD6F176D5}.Debug|Any CPU.ActiveCfg = Debug|Any CPU
		{DC2CE3AC-AAEC-43F8-960A-F00BD6F176D5}.Debug|Any CPU.Build.0 = Debug|Any CPU
		{DC2CE3AC-AAEC-43F8-960A-F00BD6F176D5}.Release|Any CPU.ActiveCfg = Release|Any CPU
		{DC2CE3AC-AAEC-43F8-960A-F00BD6F176D5}.Release|Any CPU.Build.0 = Release|Any CPU
		{999F3C65-E596-474B-839D-31522F62BD16}.Debug|Any CPU.ActiveCfg = Debug|Any CPU
		{999F3C65-E596-474B-839D-31522F62BD16}.Debug|Any CPU.Build.0 = Debug|Any CPU
		{999F3C65-E596-474B-839D-31522F62BD16}.Release|Any CPU.ActiveCfg = Release|Any CPU
		{999F3C65-E596-474B-839D-31522F62BD16}.Release|Any CPU.Build.0 = Release|Any CPU
		{1B344629-7BE1-41F3-BAD0-7E0C778B509F}.Debug|Any CPU.ActiveCfg = Debug|Any CPU
		{1B344629-7BE1-41F3-BAD0-7E0C778B509F}.Debug|Any CPU.Build.0 = Debug|Any CPU
		{1B344629-7BE1-41F3-BAD0-7E0C778B509F}.Release|Any CPU.ActiveCfg = Release|Any CPU
		{1B344629-7BE1-41F3-BAD0-7E0C778B509F}.Release|Any CPU.Build.0 = Release|Any CPU
		{BB644348-8EE0-4E8E-9A8C-5E9960D1F72E}.Debug|Any CPU.ActiveCfg = Debug|Any CPU
		{BB644348-8EE0-4E8E-9A8C-5E9960D1F72E}.Debug|Any CPU.Build.0 = Debug|Any CPU
		{BB644348-8EE0-4E8E-9A8C-5E9960D1F72E}.Release|Any CPU.ActiveCfg = Release|Any CPU
		{BB644348-8EE0-4E8E-9A8C-5E9960D1F72E}.Release|Any CPU.Build.0 = Release|Any CPU
		{5C61AC6F-1F35-4B60-A177-D40D02CA2CC6}.Debug|Any CPU.ActiveCfg = Debug|Any CPU
		{5C61AC6F-1F35-4B60-A177-D40D02CA2CC6}.Debug|Any CPU.Build.0 = Debug|Any CPU
		{5C61AC6F-1F35-4B60-A177-D40D02CA2CC6}.Release|Any CPU.ActiveCfg = Release|Any CPU
		{5C61AC6F-1F35-4B60-A177-D40D02CA2CC6}.Release|Any CPU.Build.0 = Release|Any CPU
		{E3A8A6E6-3842-4161-9FB3-324C54291F5C}.Debug|Any CPU.ActiveCfg = Debug|Any CPU
		{E3A8A6E6-3842-4161-9FB3-324C54291F5C}.Debug|Any CPU.Build.0 = Debug|Any CPU
		{E3A8A6E6-3842-4161-9FB3-324C54291F5C}.Release|Any CPU.ActiveCfg = Release|Any CPU
		{E3A8A6E6-3842-4161-9FB3-324C54291F5C}.Release|Any CPU.Build.0 = Release|Any CPU
		{4228E1CE-ED15-4C1E-A09F-AB86AFBB2470}.Debug|Any CPU.ActiveCfg = Debug|Any CPU
		{4228E1CE-ED15-4C1E-A09F-AB86AFBB2470}.Debug|Any CPU.Build.0 = Debug|Any CPU
		{4228E1CE-ED15-4C1E-A09F-AB86AFBB2470}.Release|Any CPU.ActiveCfg = Release|Any CPU
		{4228E1CE-ED15-4C1E-A09F-AB86AFBB2470}.Release|Any CPU.Build.0 = Release|Any CPU
		{28CB52AF-492E-48A4-89F1-A6E3594F7030}.Debug|Any CPU.ActiveCfg = Debug|Any CPU
		{28CB52AF-492E-48A4-89F1-A6E3594F7030}.Debug|Any CPU.Build.0 = Debug|Any CPU
		{28CB52AF-492E-48A4-89F1-A6E3594F7030}.Release|Any CPU.ActiveCfg = Release|Any CPU
		{28CB52AF-492E-48A4-89F1-A6E3594F7030}.Release|Any CPU.Build.0 = Release|Any CPU
		{36B2A1AE-1A05-46DD-AFCA-B7C485B7AC50}.Debug|Any CPU.ActiveCfg = Debug|Any CPU
		{36B2A1AE-1A05-46DD-AFCA-B7C485B7AC50}.Debug|Any CPU.Build.0 = Debug|Any CPU
		{36B2A1AE-1A05-46DD-AFCA-B7C485B7AC50}.Release|Any CPU.ActiveCfg = Release|Any CPU
		{36B2A1AE-1A05-46DD-AFCA-B7C485B7AC50}.Release|Any CPU.Build.0 = Release|Any CPU
		{0201358B-7F32-4248-AC76-CCADFDBDA30A}.Debug|Any CPU.ActiveCfg = Debug|Any CPU
		{0201358B-7F32-4248-AC76-CCADFDBDA30A}.Debug|Any CPU.Build.0 = Debug|Any CPU
		{0201358B-7F32-4248-AC76-CCADFDBDA30A}.Release|Any CPU.ActiveCfg = Release|Any CPU
		{0201358B-7F32-4248-AC76-CCADFDBDA30A}.Release|Any CPU.Build.0 = Release|Any CPU
		{C876F6F9-2DFE-4A8A-8401-E3EFAF17C6AA}.Debug|Any CPU.ActiveCfg = Debug|Any CPU
		{C876F6F9-2DFE-4A8A-8401-E3EFAF17C6AA}.Debug|Any CPU.Build.0 = Debug|Any CPU
		{C876F6F9-2DFE-4A8A-8401-E3EFAF17C6AA}.Release|Any CPU.ActiveCfg = Release|Any CPU
		{C876F6F9-2DFE-4A8A-8401-E3EFAF17C6AA}.Release|Any CPU.Build.0 = Release|Any CPU
		{7E250E25-E35F-4718-A272-ED710B8AC984}.Debug|Any CPU.ActiveCfg = Debug|Any CPU
		{7E250E25-E35F-4718-A272-ED710B8AC984}.Debug|Any CPU.Build.0 = Debug|Any CPU
		{7E250E25-E35F-4718-A272-ED710B8AC984}.Release|Any CPU.ActiveCfg = Release|Any CPU
		{7E250E25-E35F-4718-A272-ED710B8AC984}.Release|Any CPU.Build.0 = Release|Any CPU
		{224EDCD2-0405-4ED4-9D9C-6D1FF4CE50A7}.Debug|Any CPU.ActiveCfg = Debug|Any CPU
		{224EDCD2-0405-4ED4-9D9C-6D1FF4CE50A7}.Debug|Any CPU.Build.0 = Debug|Any CPU
		{224EDCD2-0405-4ED4-9D9C-6D1FF4CE50A7}.Release|Any CPU.ActiveCfg = Release|Any CPU
		{224EDCD2-0405-4ED4-9D9C-6D1FF4CE50A7}.Release|Any CPU.Build.0 = Release|Any CPU
		{7E4E0465-118C-49D7-9319-98C03EF0EE5A}.Debug|Any CPU.ActiveCfg = Debug|Any CPU
		{7E4E0465-118C-49D7-9319-98C03EF0EE5A}.Debug|Any CPU.Build.0 = Debug|Any CPU
		{7E4E0465-118C-49D7-9319-98C03EF0EE5A}.Release|Any CPU.ActiveCfg = Release|Any CPU
		{7E4E0465-118C-49D7-9319-98C03EF0EE5A}.Release|Any CPU.Build.0 = Release|Any CPU
		{B8051439-7F69-4D77-BF61-A68D88E05FFF}.Debug|Any CPU.ActiveCfg = Debug|Any CPU
		{B8051439-7F69-4D77-BF61-A68D88E05FFF}.Debug|Any CPU.Build.0 = Debug|Any CPU
		{B8051439-7F69-4D77-BF61-A68D88E05FFF}.Release|Any CPU.ActiveCfg = Release|Any CPU
		{B8051439-7F69-4D77-BF61-A68D88E05FFF}.Release|Any CPU.Build.0 = Release|Any CPU
		{7511644D-C66B-4B16-BFAA-19F6A6B9455D}.Debug|Any CPU.ActiveCfg = Debug|Any CPU
		{7511644D-C66B-4B16-BFAA-19F6A6B9455D}.Debug|Any CPU.Build.0 = Debug|Any CPU
		{7511644D-C66B-4B16-BFAA-19F6A6B9455D}.Release|Any CPU.ActiveCfg = Release|Any CPU
		{7511644D-C66B-4B16-BFAA-19F6A6B9455D}.Release|Any CPU.Build.0 = Release|Any CPU
		{42432D92-EA3B-44D4-A68C-C5B458B11F42}.Debug|Any CPU.ActiveCfg = Debug|Any CPU
		{42432D92-EA3B-44D4-A68C-C5B458B11F42}.Debug|Any CPU.Build.0 = Debug|Any CPU
		{42432D92-EA3B-44D4-A68C-C5B458B11F42}.Release|Any CPU.ActiveCfg = Release|Any CPU
		{42432D92-EA3B-44D4-A68C-C5B458B11F42}.Release|Any CPU.Build.0 = Release|Any CPU
		{A48A95E7-3F3F-4F98-AC77-DAEE1923CE31}.Debug|Any CPU.ActiveCfg = Debug|Any CPU
		{A48A95E7-3F3F-4F98-AC77-DAEE1923CE31}.Debug|Any CPU.Build.0 = Debug|Any CPU
		{A48A95E7-3F3F-4F98-AC77-DAEE1923CE31}.Release|Any CPU.ActiveCfg = Release|Any CPU
		{A48A95E7-3F3F-4F98-AC77-DAEE1923CE31}.Release|Any CPU.Build.0 = Release|Any CPU
		{CD692EA0-7CCB-40BA-9452-0E69836E845E}.Debug|Any CPU.ActiveCfg = Debug|Any CPU
		{CD692EA0-7CCB-40BA-9452-0E69836E845E}.Debug|Any CPU.Build.0 = Debug|Any CPU
		{CD692EA0-7CCB-40BA-9452-0E69836E845E}.Release|Any CPU.ActiveCfg = Release|Any CPU
		{CD692EA0-7CCB-40BA-9452-0E69836E845E}.Release|Any CPU.Build.0 = Release|Any CPU
		{799BC28B-849A-4618-B69D-23A37F1EC6CF}.Debug|Any CPU.ActiveCfg = Debug|Any CPU
		{799BC28B-849A-4618-B69D-23A37F1EC6CF}.Debug|Any CPU.Build.0 = Debug|Any CPU
		{799BC28B-849A-4618-B69D-23A37F1EC6CF}.Release|Any CPU.ActiveCfg = Release|Any CPU
		{799BC28B-849A-4618-B69D-23A37F1EC6CF}.Release|Any CPU.Build.0 = Release|Any CPU
		{82B1A7BB-5DCB-4FA8-8D9D-BAAB43FF6190}.Debug|Any CPU.ActiveCfg = Debug|Any CPU
		{82B1A7BB-5DCB-4FA8-8D9D-BAAB43FF6190}.Debug|Any CPU.Build.0 = Debug|Any CPU
		{82B1A7BB-5DCB-4FA8-8D9D-BAAB43FF6190}.Release|Any CPU.ActiveCfg = Release|Any CPU
		{82B1A7BB-5DCB-4FA8-8D9D-BAAB43FF6190}.Release|Any CPU.Build.0 = Release|Any CPU
		{24132073-0B2D-4E9F-81DF-707460ADC2C7}.Debug|Any CPU.ActiveCfg = Debug|Any CPU
		{24132073-0B2D-4E9F-81DF-707460ADC2C7}.Debug|Any CPU.Build.0 = Debug|Any CPU
		{24132073-0B2D-4E9F-81DF-707460ADC2C7}.Release|Any CPU.ActiveCfg = Release|Any CPU
		{24132073-0B2D-4E9F-81DF-707460ADC2C7}.Release|Any CPU.Build.0 = Release|Any CPU
		{5A6E277D-277A-4468-8C6A-5447B09FEE66}.Debug|Any CPU.ActiveCfg = Debug|Any CPU
		{5A6E277D-277A-4468-8C6A-5447B09FEE66}.Debug|Any CPU.Build.0 = Debug|Any CPU
		{5A6E277D-277A-4468-8C6A-5447B09FEE66}.Release|Any CPU.ActiveCfg = Release|Any CPU
		{5A6E277D-277A-4468-8C6A-5447B09FEE66}.Release|Any CPU.Build.0 = Release|Any CPU
		{1686B6C0-52AD-40F6-9F49-70D41AE087A2}.Debug|Any CPU.ActiveCfg = Debug|Any CPU
		{1686B6C0-52AD-40F6-9F49-70D41AE087A2}.Debug|Any CPU.Build.0 = Debug|Any CPU
		{1686B6C0-52AD-40F6-9F49-70D41AE087A2}.Release|Any CPU.ActiveCfg = Release|Any CPU
		{1686B6C0-52AD-40F6-9F49-70D41AE087A2}.Release|Any CPU.Build.0 = Release|Any CPU
		{07213FB1-61A1-47E5-90AA-26DFDA7A2089}.Debug|Any CPU.ActiveCfg = Debug|Any CPU
		{07213FB1-61A1-47E5-90AA-26DFDA7A2089}.Debug|Any CPU.Build.0 = Debug|Any CPU
		{07213FB1-61A1-47E5-90AA-26DFDA7A2089}.Release|Any CPU.ActiveCfg = Release|Any CPU
		{07213FB1-61A1-47E5-90AA-26DFDA7A2089}.Release|Any CPU.Build.0 = Release|Any CPU
		{D2AB2553-ED13-4240-ABAC-E6560FD363ED}.Debug|Any CPU.ActiveCfg = Debug|Any CPU
		{D2AB2553-ED13-4240-ABAC-E6560FD363ED}.Debug|Any CPU.Build.0 = Debug|Any CPU
		{D2AB2553-ED13-4240-ABAC-E6560FD363ED}.Release|Any CPU.ActiveCfg = Release|Any CPU
		{D2AB2553-ED13-4240-ABAC-E6560FD363ED}.Release|Any CPU.Build.0 = Release|Any CPU
	EndGlobalSection
	GlobalSection(SolutionProperties) = preSolution
		HideSolutionNode = FALSE
	EndGlobalSection
	GlobalSection(NestedProjects) = preSolution
		{78F5B36D-EADC-4793-BF03-C49AA625549F} = {472EDF46-09E5-4AE9-9A92-BE54344CE969}
		{A6B71748-7718-4FF3-BB7A-C1A22D35DA03} = {61FD2243-8F41-4CBB-9299-70632A27D7F7}
		{0FEC6E13-5D04-4B2B-AA69-9CF0E7F4A837} = {61FD2243-8F41-4CBB-9299-70632A27D7F7}
		{970BCF6A-9DCB-4F10-B341-CC7877FD44BC} = {598A13E2-47CF-41CE-ABE3-0E5F2B726FD5}
		{598A13E2-47CF-41CE-ABE3-0E5F2B726FD5} = {78F5B36D-EADC-4793-BF03-C49AA625549F}
		{F8450616-2A46-4F30-8747-D49274120B67} = {598A13E2-47CF-41CE-ABE3-0E5F2B726FD5}
		{5B292A7C-B06D-4B8C-92F4-31F850E0349C} = {A8BD1C74-DD32-461A-A5A0-7749DA88DD3A}
		{7C5623FA-7B2E-49EB-B900-BB9A7328FD48} = {472EDF46-09E5-4AE9-9A92-BE54344CE969}
		{0EF96792-D054-4048-887B-9238953D4461} = {7C5623FA-7B2E-49EB-B900-BB9A7328FD48}
		{9C25C4E8-F3EE-4069-B204-AD3C6D9CDEAB} = {7C5623FA-7B2E-49EB-B900-BB9A7328FD48}
		{B3A2276B-3DD8-482A-9520-6938E659986E} = {2514F16E-A102-424E-ADF5-0AAC41CB10C2}
		{6C74516A-0277-4D81-94A4-CF4EC943D63C} = {A8BD1C74-DD32-461A-A5A0-7749DA88DD3A}
		{216EDA2A-8A84-4E7B-95C0-8EE98E3BB18B} = {472EDF46-09E5-4AE9-9A92-BE54344CE969}
		{CF61D84B-589E-4FF1-B833-99111A2D94D9} = {216EDA2A-8A84-4E7B-95C0-8EE98E3BB18B}
		{DC2CE3AC-AAEC-43F8-960A-F00BD6F176D5} = {216EDA2A-8A84-4E7B-95C0-8EE98E3BB18B}
		{999F3C65-E596-474B-839D-31522F62BD16} = {61FD2243-8F41-4CBB-9299-70632A27D7F7}
		{A5ECCCE7-EE6D-42D9-A8CF-BD299F91B7B3} = {78F5B36D-EADC-4793-BF03-C49AA625549F}
		{1B344629-7BE1-41F3-BAD0-7E0C778B509F} = {A5ECCCE7-EE6D-42D9-A8CF-BD299F91B7B3}
		{BB644348-8EE0-4E8E-9A8C-5E9960D1F72E} = {A5ECCCE7-EE6D-42D9-A8CF-BD299F91B7B3}
		{A8CE24B2-D1EA-4957-B498-DB00820A513F} = {472EDF46-09E5-4AE9-9A92-BE54344CE969}
		{5C61AC6F-1F35-4B60-A177-D40D02CA2CC6} = {A8CE24B2-D1EA-4957-B498-DB00820A513F}
		{E3A8A6E6-3842-4161-9FB3-324C54291F5C} = {A8CE24B2-D1EA-4957-B498-DB00820A513F}
		{64359B1A-9FD7-4FDC-98CD-899E5618C2BC} = {D6A7736D-BECA-4468-AC05-BF4F7C01FBB9}
		{2514F16E-A102-424E-ADF5-0AAC41CB10C2} = {D6A7736D-BECA-4468-AC05-BF4F7C01FBB9}
		{103FF2C1-4834-49B5-986C-559E7A0A1FB1} = {64359B1A-9FD7-4FDC-98CD-899E5618C2BC}
		{4228E1CE-ED15-4C1E-A09F-AB86AFBB2470} = {103FF2C1-4834-49B5-986C-559E7A0A1FB1}
		{60D3817D-91C9-4997-ADA9-A2944FA2553F} = {2514F16E-A102-424E-ADF5-0AAC41CB10C2}
		{28CB52AF-492E-48A4-89F1-A6E3594F7030} = {60D3817D-91C9-4997-ADA9-A2944FA2553F}
		{36B2A1AE-1A05-46DD-AFCA-B7C485B7AC50} = {103FF2C1-4834-49B5-986C-559E7A0A1FB1}
		{50B08BAD-8850-476D-8E6A-D3A69DF63AC9} = {2514F16E-A102-424E-ADF5-0AAC41CB10C2}
		{B8CA1DDA-A026-469F-95B9-8FA2D68C6EDA} = {2514F16E-A102-424E-ADF5-0AAC41CB10C2}
		{0201358B-7F32-4248-AC76-CCADFDBDA30A} = {50B08BAD-8850-476D-8E6A-D3A69DF63AC9}
		{C876F6F9-2DFE-4A8A-8401-E3EFAF17C6AA} = {B8CA1DDA-A026-469F-95B9-8FA2D68C6EDA}
		{7E250E25-E35F-4718-A272-ED710B8AC984} = {B8CA1DDA-A026-469F-95B9-8FA2D68C6EDA}
		{224EDCD2-0405-4ED4-9D9C-6D1FF4CE50A7} = {B8CA1DDA-A026-469F-95B9-8FA2D68C6EDA}
		{7E4E0465-118C-49D7-9319-98C03EF0EE5A} = {64359B1A-9FD7-4FDC-98CD-899E5618C2BC}
		{3667D4A0-8FF3-4129-BADA-14BA37206F9E} = {64359B1A-9FD7-4FDC-98CD-899E5618C2BC}
		{B8051439-7F69-4D77-BF61-A68D88E05FFF} = {3667D4A0-8FF3-4129-BADA-14BA37206F9E}
		{D1FD355B-500F-4CFA-A343-4413C08083EA} = {64359B1A-9FD7-4FDC-98CD-899E5618C2BC}
		{7511644D-C66B-4B16-BFAA-19F6A6B9455D} = {D1FD355B-500F-4CFA-A343-4413C08083EA}
		{42432D92-EA3B-44D4-A68C-C5B458B11F42} = {61FD2243-8F41-4CBB-9299-70632A27D7F7}
		{B2E2C377-BE04-4566-B85F-258CC2E4AAF7} = {472EDF46-09E5-4AE9-9A92-BE54344CE969}
		{A48A95E7-3F3F-4F98-AC77-DAEE1923CE31} = {B2E2C377-BE04-4566-B85F-258CC2E4AAF7}
		{CD692EA0-7CCB-40BA-9452-0E69836E845E} = {B2E2C377-BE04-4566-B85F-258CC2E4AAF7}
		{799BC28B-849A-4618-B69D-23A37F1EC6CF} = {103FF2C1-4834-49B5-986C-559E7A0A1FB1}
		{82B1A7BB-5DCB-4FA8-8D9D-BAAB43FF6190} = {3667D4A0-8FF3-4129-BADA-14BA37206F9E}
		{24132073-0B2D-4E9F-81DF-707460ADC2C7} = {103FF2C1-4834-49B5-986C-559E7A0A1FB1}
		{5A6E277D-277A-4468-8C6A-5447B09FEE66} = {D1FD355B-500F-4CFA-A343-4413C08083EA}
		{1686B6C0-52AD-40F6-9F49-70D41AE087A2} = {D1FD355B-500F-4CFA-A343-4413C08083EA}
		{07213FB1-61A1-47E5-90AA-26DFDA7A2089} = {A8BD1C74-DD32-461A-A5A0-7749DA88DD3A}
		{D2AB2553-ED13-4240-ABAC-E6560FD363ED} = {D1FD355B-500F-4CFA-A343-4413C08083EA}
	EndGlobalSection
	GlobalSection(ExtensibilityGlobals) = postSolution
		SolutionGuid = {717E3AEC-68B1-4134-8D7C-A9C6E76E05CD}
	EndGlobalSection
EndGlobal
